
Microsoft Visual Studio Solution File, Format Version 12.00
# Visual Studio Version 17
VisualStudioVersion = 17.3.32825.248
MinimumVisualStudioVersion = 10.0.40219.1
Project("{FAE04EC0-301F-11D3-BF4B-00C04F79EFBC}") = "WebApplication1", "WebApplication1\WebApplication1.csproj", "{C7C316CB-1DC7-4F5C-B68D-99ECD47843D0}"
EndProject
Global
	GlobalSection(SolutionConfigurationPlatforms) = preSolution
		Debug|Any CPU = Debug|Any CPU
		Release|Any CPU = Release|Any CPU
	EndGlobalSection
	GlobalSection(ProjectConfigurationPlatforms) = postSolution
		{C7C316CB-1DC7-4F5C-B68D-99ECD47843D0}.Debug|Any CPU.ActiveCfg = Debug|Any CPU
		{C7C316CB-1DC7-4F5C-B68D-99ECD47843D0}.Debug|Any CPU.Build.0 = Debug|Any CPU
		{C7C316CB-1DC7-4F5C-B68D-99ECD47843D0}.Release|Any CPU.ActiveCfg = Release|Any CPU
		{C7C316CB-1DC7-4F5C-B68D-99ECD47843D0}.Release|Any CPU.Build.0 = Release|Any CPU
	EndGlobalSection
	GlobalSection(SolutionProperties) = preSolution
		HideSolutionNode = FALSE
	EndGlobalSection
	GlobalSection(ExtensibilityGlobals) = postSolution
		SolutionGuid = {D854DDD0-2682-451B-AFD4-D329CA2374AE}
	EndGlobalSection
EndGlobal
